// !$*UTF8*$!
{
	archiveVersion = 1;
	classes = {
	};
	objectVersion = 46;
	objects = {

/* Begin PBXBuildFile section */
		BF40625F196306CE00D11580 /* Foundation.framework in Frameworks */ = {isa = PBXBuildFile; fileRef = BF40625E196306CE00D11580 /* Foundation.framework */; };
		BF406264196306CE00D11580 /* VCTabBarController.h in CopyFiles */ = {isa = PBXBuildFile; fileRef = BF406263196306CE00D11580 /* VCTabBarController.h */; };
		BF406266196306CE00D11580 /* VCTabBarController.m in Sources */ = {isa = PBXBuildFile; fileRef = BF406265196306CE00D11580 /* VCTabBarController.m */; };
		BF40626D196306CE00D11580 /* XCTest.framework in Frameworks */ = {isa = PBXBuildFile; fileRef = BF40626C196306CE00D11580 /* XCTest.framework */; };
		BF40626E196306CE00D11580 /* Foundation.framework in Frameworks */ = {isa = PBXBuildFile; fileRef = BF40625E196306CE00D11580 /* Foundation.framework */; };
		BF406270196306CE00D11580 /* UIKit.framework in Frameworks */ = {isa = PBXBuildFile; fileRef = BF40626F196306CE00D11580 /* UIKit.framework */; };
		BF406273196306CE00D11580 /* libVCTabBarController.a in Frameworks */ = {isa = PBXBuildFile; fileRef = BF40625B196306CE00D11580 /* libVCTabBarController.a */; };
		BF406279196306CE00D11580 /* InfoPlist.strings in Resources */ = {isa = PBXBuildFile; fileRef = BF406277196306CE00D11580 /* InfoPlist.strings */; };
		BF40627B196306CE00D11580 /* VCTabBarControllerTests.m in Sources */ = {isa = PBXBuildFile; fileRef = BF40627A196306CE00D11580 /* VCTabBarControllerTests.m */; };
		BF40628619630CFA00D11580 /* VCTabBar.m in Sources */ = {isa = PBXBuildFile; fileRef = BF40628519630CFA00D11580 /* VCTabBar.m */; };
		BF40628A19630D3300D11580 /* VCTabBarView.m in Sources */ = {isa = PBXBuildFile; fileRef = BF40628919630D3300D11580 /* VCTabBarView.m */; };
		BF40628D19630D6800D11580 /* VCTab.m in Sources */ = {isa = PBXBuildFile; fileRef = BF40628C19630D6800D11580 /* VCTab.m */; };
/* End PBXBuildFile section */

/* Begin PBXContainerItemProxy section */
		BF406271196306CE00D11580 /* PBXContainerItemProxy */ = {
			isa = PBXContainerItemProxy;
			containerPortal = BF406253196306CE00D11580 /* Project object */;
			proxyType = 1;
			remoteGlobalIDString = BF40625A196306CE00D11580;
			remoteInfo = VCTabBarController;
		};
/* End PBXContainerItemProxy section */

/* Begin PBXCopyFilesBuildPhase section */
		BF406259196306CE00D11580 /* CopyFiles */ = {
			isa = PBXCopyFilesBuildPhase;
			buildActionMask = 2147483647;
			dstPath = "include/$(PRODUCT_NAME)";
			dstSubfolderSpec = 16;
			files = (
				BF406264196306CE00D11580 /* VCTabBarController.h in CopyFiles */,
			);
			runOnlyForDeploymentPostprocessing = 0;
		};
/* End PBXCopyFilesBuildPhase section */

/* Begin PBXFileReference section */
		BF40625B196306CE00D11580 /* libVCTabBarController.a */ = {isa = PBXFileReference; explicitFileType = archive.ar; includeInIndex = 0; path = libVCTabBarController.a; sourceTree = BUILT_PRODUCTS_DIR; };
		BF40625E196306CE00D11580 /* Foundation.framework */ = {isa = PBXFileReference; lastKnownFileType = wrapper.framework; name = Foundation.framework; path = System/Library/Frameworks/Foundation.framework; sourceTree = SDKROOT; };
		BF406262196306CE00D11580 /* VCTabBarController-Prefix.pch */ = {isa = PBXFileReference; lastKnownFileType = sourcecode.c.h; path = "VCTabBarController-Prefix.pch"; sourceTree = "<group>"; };
		BF406263196306CE00D11580 /* VCTabBarController.h */ = {isa = PBXFileReference; lastKnownFileType = sourcecode.c.h; path = VCTabBarController.h; sourceTree = "<group>"; };
		BF406265196306CE00D11580 /* VCTabBarController.m */ = {isa = PBXFileReference; lastKnownFileType = sourcecode.c.objc; path = VCTabBarController.m; sourceTree = "<group>"; };
		BF40626B196306CE00D11580 /* VCTabBarControllerTests.xctest */ = {isa = PBXFileReference; explicitFileType = wrapper.cfbundle; includeInIndex = 0; path = VCTabBarControllerTests.xctest; sourceTree = BUILT_PRODUCTS_DIR; };
		BF40626C196306CE00D11580 /* XCTest.framework */ = {isa = PBXFileReference; lastKnownFileType = wrapper.framework; name = XCTest.framework; path = Library/Frameworks/XCTest.framework; sourceTree = DEVELOPER_DIR; };
		BF40626F196306CE00D11580 /* UIKit.framework */ = {isa = PBXFileReference; lastKnownFileType = wrapper.framework; name = UIKit.framework; path = Library/Frameworks/UIKit.framework; sourceTree = DEVELOPER_DIR; };
		BF406276196306CE00D11580 /* VCTabBarControllerTests-Info.plist */ = {isa = PBXFileReference; lastKnownFileType = text.plist.xml; path = "VCTabBarControllerTests-Info.plist"; sourceTree = "<group>"; };
		BF406278196306CE00D11580 /* en */ = {isa = PBXFileReference; lastKnownFileType = text.plist.strings; name = en; path = en.lproj/InfoPlist.strings; sourceTree = "<group>"; };
		BF40627A196306CE00D11580 /* VCTabBarControllerTests.m */ = {isa = PBXFileReference; lastKnownFileType = sourcecode.c.objc; path = VCTabBarControllerTests.m; sourceTree = "<group>"; };
		BF40628419630CFA00D11580 /* VCTabBar.h */ = {isa = PBXFileReference; fileEncoding = 4; lastKnownFileType = sourcecode.c.h; path = VCTabBar.h; sourceTree = "<group>"; };
		BF40628519630CFA00D11580 /* VCTabBar.m */ = {isa = PBXFileReference; fileEncoding = 4; lastKnownFileType = sourcecode.c.objc; path = VCTabBar.m; sourceTree = "<group>"; };
		BF40628819630D3300D11580 /* VCTabBarView.h */ = {isa = PBXFileReference; fileEncoding = 4; lastKnownFileType = sourcecode.c.h; path = VCTabBarView.h; sourceTree = "<group>"; };
		BF40628919630D3300D11580 /* VCTabBarView.m */ = {isa = PBXFileReference; fileEncoding = 4; lastKnownFileType = sourcecode.c.objc; path = VCTabBarView.m; sourceTree = "<group>"; };
		BF40628B19630D6800D11580 /* VCTab.h */ = {isa = PBXFileReference; fileEncoding = 4; lastKnownFileType = sourcecode.c.h; path = VCTab.h; sourceTree = "<group>"; };
		BF40628C19630D6800D11580 /* VCTab.m */ = {isa = PBXFileReference; fileEncoding = 4; lastKnownFileType = sourcecode.c.objc; path = VCTab.m; sourceTree = "<group>"; };
/* End PBXFileReference section */

/* Begin PBXFrameworksBuildPhase section */
		BF406258196306CE00D11580 /* Frameworks */ = {
			isa = PBXFrameworksBuildPhase;
			buildActionMask = 2147483647;
			files = (
				BF40625F196306CE00D11580 /* Foundation.framework in Frameworks */,
			);
			runOnlyForDeploymentPostprocessing = 0;
		};
		BF406268196306CE00D11580 /* Frameworks */ = {
			isa = PBXFrameworksBuildPhase;
			buildActionMask = 2147483647;
			files = (
				BF40626D196306CE00D11580 /* XCTest.framework in Frameworks */,
				BF406270196306CE00D11580 /* UIKit.framework in Frameworks */,
				BF406273196306CE00D11580 /* libVCTabBarController.a in Frameworks */,
				BF40626E196306CE00D11580 /* Foundation.framework in Frameworks */,
			);
			runOnlyForDeploymentPostprocessing = 0;
		};
/* End PBXFrameworksBuildPhase section */

/* Begin PBXGroup section */
		BF406252196306CE00D11580 = {
			isa = PBXGroup;
			children = (
				BF406260196306CE00D11580 /* VCTabBarController */,
				BF406274196306CE00D11580 /* VCTabBarControllerTests */,
				BF40625D196306CE00D11580 /* Frameworks */,
				BF40625C196306CE00D11580 /* Products */,
			);
			sourceTree = "<group>";
		};
		BF40625C196306CE00D11580 /* Products */ = {
			isa = PBXGroup;
			children = (
				BF40625B196306CE00D11580 /* libVCTabBarController.a */,
				BF40626B196306CE00D11580 /* VCTabBarControllerTests.xctest */,
			);
			name = Products;
			sourceTree = "<group>";
		};
		BF40625D196306CE00D11580 /* Frameworks */ = {
			isa = PBXGroup;
			children = (
				BF40625E196306CE00D11580 /* Foundation.framework */,
				BF40626C196306CE00D11580 /* XCTest.framework */,
				BF40626F196306CE00D11580 /* UIKit.framework */,
			);
			name = Frameworks;
			sourceTree = "<group>";
		};
		BF406260196306CE00D11580 /* VCTabBarController */ = {
			isa = PBXGroup;
			children = (
				BF40628719630D1000D11580 /* Classes */,
				BF406261196306CE00D11580 /* Supporting Files */,
			);
			path = VCTabBarController;
			sourceTree = "<group>";
		};
		BF406261196306CE00D11580 /* Supporting Files */ = {
			isa = PBXGroup;
			children = (
				BF406262196306CE00D11580 /* VCTabBarController-Prefix.pch */,
			);
			name = "Supporting Files";
			sourceTree = "<group>";
		};
		BF406274196306CE00D11580 /* VCTabBarControllerTests */ = {
			isa = PBXGroup;
			children = (
				BF40627A196306CE00D11580 /* VCTabBarControllerTests.m */,
				BF406275196306CE00D11580 /* Supporting Files */,
			);
			path = VCTabBarControllerTests;
			sourceTree = "<group>";
		};
		BF406275196306CE00D11580 /* Supporting Files */ = {
			isa = PBXGroup;
			children = (
				BF406276196306CE00D11580 /* VCTabBarControllerTests-Info.plist */,
				BF406277196306CE00D11580 /* InfoPlist.strings */,
			);
			name = "Supporting Files";
			sourceTree = "<group>";
		};
		BF40628719630D1000D11580 /* Classes */ = {
			isa = PBXGroup;
			children = (
				BF406263196306CE00D11580 /* VCTabBarController.h */,
				BF406265196306CE00D11580 /* VCTabBarController.m */,
				BF40628819630D3300D11580 /* VCTabBarView.h */,
				BF40628919630D3300D11580 /* VCTabBarView.m */,
				BF40628419630CFA00D11580 /* VCTabBar.h */,
				BF40628519630CFA00D11580 /* VCTabBar.m */,
				BF40628B19630D6800D11580 /* VCTab.h */,
				BF40628C19630D6800D11580 /* VCTab.m */,
			);
			name = Classes;
			sourceTree = "<group>";
		};
/* End PBXGroup section */

/* Begin PBXNativeTarget section */
		BF40625A196306CE00D11580 /* VCTabBarController */ = {
			isa = PBXNativeTarget;
			buildConfigurationList = BF40627E196306CE00D11580 /* Build configuration list for PBXNativeTarget "VCTabBarController" */;
			buildPhases = (
				BF406257196306CE00D11580 /* Sources */,
				BF406258196306CE00D11580 /* Frameworks */,
				BF406259196306CE00D11580 /* CopyFiles */,
			);
			buildRules = (
			);
			dependencies = (
			);
			name = VCTabBarController;
			productName = VCTabBarController;
			productReference = BF40625B196306CE00D11580 /* libVCTabBarController.a */;
			productType = "com.apple.product-type.library.static";
		};
		BF40626A196306CE00D11580 /* VCTabBarControllerTests */ = {
			isa = PBXNativeTarget;
			buildConfigurationList = BF406281196306CE00D11580 /* Build configuration list for PBXNativeTarget "VCTabBarControllerTests" */;
			buildPhases = (
				BF406267196306CE00D11580 /* Sources */,
				BF406268196306CE00D11580 /* Frameworks */,
				BF406269196306CE00D11580 /* Resources */,
			);
			buildRules = (
			);
			dependencies = (
				BF406272196306CE00D11580 /* PBXTargetDependency */,
			);
			name = VCTabBarControllerTests;
			productName = VCTabBarControllerTests;
			productReference = BF40626B196306CE00D11580 /* VCTabBarControllerTests.xctest */;
			productType = "com.apple.product-type.bundle.unit-test";
		};
/* End PBXNativeTarget section */

/* Begin PBXProject section */
		BF406253196306CE00D11580 /* Project object */ = {
			isa = PBXProject;
			attributes = {
				CLASSPREFIX = VC;
				LastUpgradeCheck = 0510;
				ORGANIZATIONNAME = vc7;
			};
			buildConfigurationList = BF406256196306CE00D11580 /* Build configuration list for PBXProject "VCTabBarController" */;
			compatibilityVersion = "Xcode 3.2";
			developmentRegion = English;
			hasScannedForEncodings = 0;
			knownRegions = (
				en,
			);
			mainGroup = BF406252196306CE00D11580;
			productRefGroup = BF40625C196306CE00D11580 /* Products */;
			projectDirPath = "";
			projectRoot = "";
			targets = (
				BF40625A196306CE00D11580 /* VCTabBarController */,
				BF40626A196306CE00D11580 /* VCTabBarControllerTests */,
			);
		};
/* End PBXProject section */

/* Begin PBXResourcesBuildPhase section */
		BF406269196306CE00D11580 /* Resources */ = {
			isa = PBXResourcesBuildPhase;
			buildActionMask = 2147483647;
			files = (
				BF406279196306CE00D11580 /* InfoPlist.strings in Resources */,
			);
			runOnlyForDeploymentPostprocessing = 0;
		};
/* End PBXResourcesBuildPhase section */

/* Begin PBXSourcesBuildPhase section */
		BF406257196306CE00D11580 /* Sources */ = {
			isa = PBXSourcesBuildPhase;
			buildActionMask = 2147483647;
			files = (
				BF40628619630CFA00D11580 /* VCTabBar.m in Sources */,
				BF40628A19630D3300D11580 /* VCTabBarView.m in Sources */,
				BF40628D19630D6800D11580 /* VCTab.m in Sources */,
				BF406266196306CE00D11580 /* VCTabBarController.m in Sources */,
			);
			runOnlyForDeploymentPostprocessing = 0;
		};
		BF406267196306CE00D11580 /* Sources */ = {
			isa = PBXSourcesBuildPhase;
			buildActionMask = 2147483647;
			files = (
				BF40627B196306CE00D11580 /* VCTabBarControllerTests.m in Sources */,
			);
			runOnlyForDeploymentPostprocessing = 0;
		};
/* End PBXSourcesBuildPhase section */

/* Begin PBXTargetDependency section */
		BF406272196306CE00D11580 /* PBXTargetDependency */ = {
			isa = PBXTargetDependency;
			target = BF40625A196306CE00D11580 /* VCTabBarController */;
			targetProxy = BF406271196306CE00D11580 /* PBXContainerItemProxy */;
		};
/* End PBXTargetDependency section */

/* Begin PBXVariantGroup section */
		BF406277196306CE00D11580 /* InfoPlist.strings */ = {
			isa = PBXVariantGroup;
			children = (
				BF406278196306CE00D11580 /* en */,
			);
			name = InfoPlist.strings;
			sourceTree = "<group>";
		};
/* End PBXVariantGroup section */

/* Begin XCBuildConfiguration section */
		BF40627C196306CE00D11580 /* Debug */ = {
			isa = XCBuildConfiguration;
			buildSettings = {
				ALWAYS_SEARCH_USER_PATHS = NO;
				CLANG_CXX_LANGUAGE_STANDARD = "gnu++0x";
				CLANG_CXX_LIBRARY = "libc++";
				CLANG_ENABLE_MODULES = YES;
				CLANG_ENABLE_OBJC_ARC = YES;
				CLANG_WARN_BOOL_CONVERSION = YES;
				CLANG_WARN_CONSTANT_CONVERSION = YES;
				CLANG_WARN_DIRECT_OBJC_ISA_USAGE = YES_ERROR;
				CLANG_WARN_EMPTY_BODY = YES;
				CLANG_WARN_ENUM_CONVERSION = YES;
				CLANG_WARN_INT_CONVERSION = YES;
				CLANG_WARN_OBJC_ROOT_CLASS = YES_ERROR;
				CLANG_WARN__DUPLICATE_METHOD_MATCH = YES;
				COPY_PHASE_STRIP = NO;
				GCC_C_LANGUAGE_STANDARD = gnu99;
				GCC_DYNAMIC_NO_PIC = NO;
				GCC_OPTIMIZATION_LEVEL = 0;
				GCC_PREPROCESSOR_DEFINITIONS = (
					"DEBUG=1",
					"$(inherited)",
				);
				GCC_SYMBOLS_PRIVATE_EXTERN = NO;
				GCC_WARN_64_TO_32_BIT_CONVERSION = YES;
				GCC_WARN_ABOUT_RETURN_TYPE = YES_ERROR;
				GCC_WARN_UNDECLARED_SELECTOR = YES;
				GCC_WARN_UNINITIALIZED_AUTOS = YES_AGGRESSIVE;
				GCC_WARN_UNUSED_FUNCTION = YES;
				GCC_WARN_UNUSED_VARIABLE = YES;
				IPHONEOS_DEPLOYMENT_TARGET = 7.1;
				ONLY_ACTIVE_ARCH = YES;
				SDKROOT = iphoneos;
			};
			name = Debug;
		};
		BF40627D196306CE00D11580 /* Release */ = {
			isa = XCBuildConfiguration;
			buildSettings = {
				ALWAYS_SEARCH_USER_PATHS = NO;
				CLANG_CXX_LANGUAGE_STANDARD = "gnu++0x";
				CLANG_CXX_LIBRARY = "libc++";
				CLANG_ENABLE_MODULES = YES;
				CLANG_ENABLE_OBJC_ARC = YES;
				CLANG_WARN_BOOL_CONVERSION = YES;
				CLANG_WARN_CONSTANT_CONVERSION = YES;
				CLANG_WARN_DIRECT_OBJC_ISA_USAGE = YES_ERROR;
				CLANG_WARN_EMPTY_BODY = YES;
				CLANG_WARN_ENUM_CONVERSION = YES;
				CLANG_WARN_INT_CONVERSION = YES;
				CLANG_WARN_OBJC_ROOT_CLASS = YES_ERROR;
				CLANG_WARN__DUPLICATE_METHOD_MATCH = YES;
				COPY_PHASE_STRIP = YES;
				ENABLE_NS_ASSERTIONS = NO;
				GCC_C_LANGUAGE_STANDARD = gnu99;
				GCC_WARN_64_TO_32_BIT_CONVERSION = YES;
				GCC_WARN_ABOUT_RETURN_TYPE = YES_ERROR;
				GCC_WARN_UNDECLARED_SELECTOR = YES;
				GCC_WARN_UNINITIALIZED_AUTOS = YES_AGGRESSIVE;
				GCC_WARN_UNUSED_FUNCTION = YES;
				GCC_WARN_UNUSED_VARIABLE = YES;
				IPHONEOS_DEPLOYMENT_TARGET = 7.1;
				SDKROOT = iphoneos;
				VALIDATE_PRODUCT = YES;
			};
			name = Release;
		};
		BF40627F196306CE00D11580 /* Debug */ = {
			isa = XCBuildConfiguration;
			buildSettings = {
				DSTROOT = /tmp/VCTabBarController.dst;
				GCC_PRECOMPILE_PREFIX_HEADER = YES;
				GCC_PREFIX_HEADER = "VCTabBarController/VCTabBarController-Prefix.pch";
				OTHER_LDFLAGS = "-ObjC";
				PRODUCT_NAME = "$(TARGET_NAME)";
				SKIP_INSTALL = YES;
			};
			name = Debug;
		};
		BF406280196306CE00D11580 /* Release */ = {
			isa = XCBuildConfiguration;
			buildSettings = {
				DSTROOT = /tmp/VCTabBarController.dst;
				GCC_PRECOMPILE_PREFIX_HEADER = YES;
				GCC_PREFIX_HEADER = "VCTabBarController/VCTabBarController-Prefix.pch";
				OTHER_LDFLAGS = "-ObjC";
				PRODUCT_NAME = "$(TARGET_NAME)";
				SKIP_INSTALL = YES;
			};
			name = Release;
		};
		BF406282196306CE00D11580 /* Debug */ = {
			isa = XCBuildConfiguration;
			buildSettings = {
				FRAMEWORK_SEARCH_PATHS = (
					"$(SDKROOT)/Developer/Library/Frameworks",
					"$(inherited)",
					"$(DEVELOPER_FRAMEWORKS_DIR)",
				);
				GCC_PRECOMPILE_PREFIX_HEADER = YES;
				GCC_PREFIX_HEADER = "VCTabBarController/VCTabBarController-Prefix.pch";
				GCC_PREPROCESSOR_DEFINITIONS = (
					"DEBUG=1",
					"$(inherited)",
				);
				INFOPLIST_FILE = "VCTabBarControllerTests/VCTabBarControllerTests-Info.plist";
				PRODUCT_NAME = "$(TARGET_NAME)";
				WRAPPER_EXTENSION = xctest;
			};
			name = Debug;
		};
		BF406283196306CE00D11580 /* Release */ = {
			isa = XCBuildConfiguration;
			buildSettings = {
				FRAMEWORK_SEARCH_PATHS = (
					"$(SDKROOT)/Developer/Library/Frameworks",
					"$(inherited)",
					"$(DEVELOPER_FRAMEWORKS_DIR)",
				);
				GCC_PRECOMPILE_PREFIX_HEADER = YES;
				GCC_PREFIX_HEADER = "VCTabBarController/VCTabBarController-Prefix.pch";
				INFOPLIST_FILE = "VCTabBarControllerTests/VCTabBarControllerTests-Info.plist";
				PRODUCT_NAME = "$(TARGET_NAME)";
				WRAPPER_EXTENSION = xctest;
			};
			name = Release;
		};
/* End XCBuildConfiguration section */

/* Begin XCConfigurationList section */
		BF406256196306CE00D11580 /* Build configuration list for PBXProject "VCTabBarController" */ = {
			isa = XCConfigurationList;
			buildConfigurations = (
				BF40627C196306CE00D11580 /* Debug */,
				BF40627D196306CE00D11580 /* Release */,
			);
			defaultConfigurationIsVisible = 0;
			defaultConfigurationName = Release;
		};
		BF40627E196306CE00D11580 /* Build configuration list for PBXNativeTarget "VCTabBarController" */ = {
			isa = XCConfigurationList;
			buildConfigurations = (
				BF40627F196306CE00D11580 /* Debug */,
				BF406280196306CE00D11580 /* Release */,
			);
			defaultConfigurationIsVisible = 0;
		};
		BF406281196306CE00D11580 /* Build configuration list for PBXNativeTarget "VCTabBarControllerTests" */ = {
			isa = XCConfigurationList;
			buildConfigurations = (
				BF406282196306CE00D11580 /* Debug */,
				BF406283196306CE00D11580 /* Release */,
			);
			defaultConfigurationIsVisible = 0;
		};
/* End XCConfigurationList section */
	};
	rootObject = BF406253196306CE00D11580 /* Project object */;
}
